
Microsoft Visual Studio Solution File, Format Version 12.00
# Visual Studio 14
VisualStudioVersion = 14.0.25420.1
MinimumVisualStudioVersion = 10.0.40219.1
Project("{FAE04EC0-301F-11D3-BF4B-00C04F79EFBC}") = "Loja.Dominio", "Loja.Dominio\Loja.Dominio.csproj", "{34A704E2-F297-4DEB-B63E-4885ADD12588}"
EndProject
Project("{FAE04EC0-301F-11D3-BF4B-00C04F79EFBC}") = "Loja.Mvc", "Loja.Mvc\Loja.Mvc.csproj", "{11C4C6D2-5C34-41BA-9F2A-1F5643088DC9}"
EndProject
Project("{FAE04EC0-301F-11D3-BF4B-00C04F79EFBC}") = "Loja.Repositorios.SqlServer.EF", "Loja.Repositorios.SqlServer.EF\Loja.Repositorios.SqlServer.EF.csproj", "{3CF1E0B2-8B77-4989-A55F-F79679840979}"
EndProject
Project("{2150E333-8FDC-42A3-9474-1A3956D46DE8}") = "Loja", "Loja", "{1B302A22-4E68-485E-BC8C-BACBE43DE6B1}"
EndProject
Project("{FAE04EC0-301F-11D3-BF4B-00C04F79EFBC}") = "Loja.Resources", "Loja.Resources\Loja.Resources.csproj", "{ED67C1D2-43FA-465C-8BA0-853749CED5BF}"
EndProject
Project("{FAE04EC0-301F-11D3-BF4B-00C04F79EFBC}") = "Loja.MvcTests", "Loja.MvcTests\Loja.MvcTests.csproj", "{A0661970-A6C6-442E-BAEC-8C5AAABBFE8A}"
EndProject
Global
	GlobalSection(SolutionConfigurationPlatforms) = preSolution
		Debug|Any CPU = Debug|Any CPU
		Release|Any CPU = Release|Any CPU
	EndGlobalSection
	GlobalSection(ProjectConfigurationPlatforms) = postSolution
		{34A704E2-F297-4DEB-B63E-4885ADD12588}.Debug|Any CPU.ActiveCfg = Debug|Any CPU
		{34A704E2-F297-4DEB-B63E-4885ADD12588}.Debug|Any CPU.Build.0 = Debug|Any CPU
		{34A704E2-F297-4DEB-B63E-4885ADD12588}.Release|Any CPU.ActiveCfg = Release|Any CPU
		{34A704E2-F297-4DEB-B63E-4885ADD12588}.Release|Any CPU.Build.0 = Release|Any CPU
		{11C4C6D2-5C34-41BA-9F2A-1F5643088DC9}.Debug|Any CPU.ActiveCfg = Debug|Any CPU
		{11C4C6D2-5C34-41BA-9F2A-1F5643088DC9}.Debug|Any CPU.Build.0 = Debug|Any CPU
		{11C4C6D2-5C34-41BA-9F2A-1F5643088DC9}.Release|Any CPU.ActiveCfg = Release|Any CPU
		{11C4C6D2-5C34-41BA-9F2A-1F5643088DC9}.Release|Any CPU.Build.0 = Release|Any CPU
		{3CF1E0B2-8B77-4989-A55F-F79679840979}.Debug|Any CPU.ActiveCfg = Debug|Any CPU
		{3CF1E0B2-8B77-4989-A55F-F79679840979}.Debug|Any CPU.Build.0 = Debug|Any CPU
		{3CF1E0B2-8B77-4989-A55F-F79679840979}.Release|Any CPU.ActiveCfg = Release|Any CPU
		{3CF1E0B2-8B77-4989-A55F-F79679840979}.Release|Any CPU.Build.0 = Release|Any CPU
		{ED67C1D2-43FA-465C-8BA0-853749CED5BF}.Debug|Any CPU.ActiveCfg = Debug|Any CPU
		{ED67C1D2-43FA-465C-8BA0-853749CED5BF}.Debug|Any CPU.Build.0 = Debug|Any CPU
		{ED67C1D2-43FA-465C-8BA0-853749CED5BF}.Release|Any CPU.ActiveCfg = Release|Any CPU
		{ED67C1D2-43FA-465C-8BA0-853749CED5BF}.Release|Any CPU.Build.0 = Release|Any CPU
		{A0661970-A6C6-442E-BAEC-8C5AAABBFE8A}.Debug|Any CPU.ActiveCfg = Debug|Any CPU
		{A0661970-A6C6-442E-BAEC-8C5AAABBFE8A}.Debug|Any CPU.Build.0 = Debug|Any CPU
		{A0661970-A6C6-442E-BAEC-8C5AAABBFE8A}.Release|Any CPU.ActiveCfg = Release|Any CPU
		{A0661970-A6C6-442E-BAEC-8C5AAABBFE8A}.Release|Any CPU.Build.0 = Release|Any CPU
	EndGlobalSection
	GlobalSection(SolutionProperties) = preSolution
		HideSolutionNode = FALSE
	EndGlobalSection
	GlobalSection(NestedProjects) = preSolution
		{34A704E2-F297-4DEB-B63E-4885ADD12588} = {1B302A22-4E68-485E-BC8C-BACBE43DE6B1}
		{11C4C6D2-5C34-41BA-9F2A-1F5643088DC9} = {1B302A22-4E68-485E-BC8C-BACBE43DE6B1}
		{3CF1E0B2-8B77-4989-A55F-F79679840979} = {1B302A22-4E68-485E-BC8C-BACBE43DE6B1}
		{ED67C1D2-43FA-465C-8BA0-853749CED5BF} = {1B302A22-4E68-485E-BC8C-BACBE43DE6B1}
		{A0661970-A6C6-442E-BAEC-8C5AAABBFE8A} = {1B302A22-4E68-485E-BC8C-BACBE43DE6B1}
	EndGlobalSection
EndGlobal
